// !$*UTF8*$!
{
	archiveVersion = 1;
	classes = {
	};
	objectVersion = 56;
	objects = {

/* Begin PBXBuildFile section */
		1C4E91FB2985FEEB00085EDC /* IBudgetModel.xcdatamodeld in Sources */ = {isa = PBXBuildFile; fileRef = 1C4E91F92985FEEB00085EDC /* IBudgetModel.xcdatamodeld */; };
		1C4E91FE2985FFD200085EDC /* CoreDataStack.swift in Sources */ = {isa = PBXBuildFile; fileRef = 1C4E91FD2985FFD200085EDC /* CoreDataStack.swift */; };
		1C4E92002986126D00085EDC /* UIExtensions.swift in Sources */ = {isa = PBXBuildFile; fileRef = 1C4E91FF2986126D00085EDC /* UIExtensions.swift */; };
		1C4E921E298C98D900085EDC /* CustomTabBarController.swift in Sources */ = {isa = PBXBuildFile; fileRef = 1C4E921D298C98D900085EDC /* CustomTabBarController.swift */; };
		30258ED1297BB7A200C8C50F /* DashboardController.swift in Sources */ = {isa = PBXBuildFile; fileRef = 30258ED0297BB7A200C8C50F /* DashboardController.swift */; };
		30D05B2C2989EB510016308C /* DashboardCell.swift in Sources */ = {isa = PBXBuildFile; fileRef = 30D05B2B2989EB510016308C /* DashboardCell.swift */; };
		30F4E40E29890555007A2158 /* ExpenseViewController.swift in Sources */ = {isa = PBXBuildFile; fileRef = 30F4E40D29890555007A2158 /* ExpenseViewController.swift */; };
		30F4E41029890588007A2158 /* CategoryViewController.swift in Sources */ = {isa = PBXBuildFile; fileRef = 30F4E40F29890588007A2158 /* CategoryViewController.swift */; };
		30F4E4122989059F007A2158 /* SettingViewController.swift in Sources */ = {isa = PBXBuildFile; fileRef = 30F4E4112989059F007A2158 /* SettingViewController.swift */; };
		3AFF5A1D298B01BA006D2B7A /* AddCategoryViewController.swift in Sources */ = {isa = PBXBuildFile; fileRef = 3AFF5A1C298B01BA006D2B7A /* AddCategoryViewController.swift */; };
		6EC8107CDC617F0E48C51611 /* Pods_iBudget.framework in Frameworks */ = {isa = PBXBuildFile; fileRef = 007DBCBD438EC8CFF9A53D7C /* Pods_iBudget.framework */; };
		7885DEB329746DF000B6BEF9 /* AppDelegate.swift in Sources */ = {isa = PBXBuildFile; fileRef = 7885DEB229746DF000B6BEF9 /* AppDelegate.swift */; };
		7885DEB529746DF000B6BEF9 /* SceneDelegate.swift in Sources */ = {isa = PBXBuildFile; fileRef = 7885DEB429746DF000B6BEF9 /* SceneDelegate.swift */; };
		7885DEB729746DF000B6BEF9 /* ViewController.swift in Sources */ = {isa = PBXBuildFile; fileRef = 7885DEB629746DF000B6BEF9 /* ViewController.swift */; };
		7885DEBA29746DF000B6BEF9 /* Main.storyboard in Resources */ = {isa = PBXBuildFile; fileRef = 7885DEB829746DF000B6BEF9 /* Main.storyboard */; };
		7885DEBC29746DF000B6BEF9 /* Assets.xcassets in Resources */ = {isa = PBXBuildFile; fileRef = 7885DEBB29746DF000B6BEF9 /* Assets.xcassets */; };
		7885DEBF29746DF000B6BEF9 /* LaunchScreen.storyboard in Resources */ = {isa = PBXBuildFile; fileRef = 7885DEBD29746DF000B6BEF9 /* LaunchScreen.storyboard */; };
		78F67F5C298EBFFF005F2906 /* AddExpenseViewControlller.swift in Sources */ = {isa = PBXBuildFile; fileRef = 78F67F5B298EBFFF005F2906 /* AddExpenseViewControlller.swift */; };
		78F67F5E298EC03A005F2906 /* categoryList.swift in Sources */ = {isa = PBXBuildFile; fileRef = 78F67F5D298EC03A005F2906 /* categoryList.swift */; };
/* End PBXBuildFile section */

/* Begin PBXFileReference section */
		007DBCBD438EC8CFF9A53D7C /* Pods_iBudget.framework */ = {isa = PBXFileReference; explicitFileType = wrapper.framework; includeInIndex = 0; path = Pods_iBudget.framework; sourceTree = BUILT_PRODUCTS_DIR; };
		1C4E91FA2985FEEB00085EDC /* Model.xcdatamodel */ = {isa = PBXFileReference; lastKnownFileType = wrapper.xcdatamodel; path = Model.xcdatamodel; sourceTree = "<group>"; };
		1C4E91FD2985FFD200085EDC /* CoreDataStack.swift */ = {isa = PBXFileReference; lastKnownFileType = sourcecode.swift; path = CoreDataStack.swift; sourceTree = "<group>"; };
		1C4E91FF2986126D00085EDC /* UIExtensions.swift */ = {isa = PBXFileReference; lastKnownFileType = sourcecode.swift; path = UIExtensions.swift; sourceTree = "<group>"; };
		1C4E921D298C98D900085EDC /* CustomTabBarController.swift */ = {isa = PBXFileReference; fileEncoding = 4; lastKnownFileType = sourcecode.swift; path = CustomTabBarController.swift; sourceTree = "<group>"; };
		30258ED0297BB7A200C8C50F /* DashboardController.swift */ = {isa = PBXFileReference; lastKnownFileType = sourcecode.swift; path = DashboardController.swift; sourceTree = "<group>"; };
		30D05B2B2989EB510016308C /* DashboardCell.swift */ = {isa = PBXFileReference; lastKnownFileType = sourcecode.swift; path = DashboardCell.swift; sourceTree = "<group>"; };
		30F4E40D29890555007A2158 /* ExpenseViewController.swift */ = {isa = PBXFileReference; lastKnownFileType = sourcecode.swift; path = ExpenseViewController.swift; sourceTree = "<group>"; };
		30F4E40F29890588007A2158 /* CategoryViewController.swift */ = {isa = PBXFileReference; lastKnownFileType = sourcecode.swift; path = CategoryViewController.swift; sourceTree = "<group>"; };
		30F4E4112989059F007A2158 /* SettingViewController.swift */ = {isa = PBXFileReference; lastKnownFileType = sourcecode.swift; path = SettingViewController.swift; sourceTree = "<group>"; };
		36358F3C8AC1F8259E506DE4 /* Pods-iBudget.release.xcconfig */ = {isa = PBXFileReference; includeInIndex = 1; lastKnownFileType = text.xcconfig; name = "Pods-iBudget.release.xcconfig"; path = "Target Support Files/Pods-iBudget/Pods-iBudget.release.xcconfig"; sourceTree = "<group>"; };
		3AFF5A1C298B01BA006D2B7A /* AddCategoryViewController.swift */ = {isa = PBXFileReference; lastKnownFileType = sourcecode.swift; path = AddCategoryViewController.swift; sourceTree = "<group>"; };
		7885DEAF29746DF000B6BEF9 /* iBudget.app */ = {isa = PBXFileReference; explicitFileType = wrapper.application; includeInIndex = 0; path = iBudget.app; sourceTree = BUILT_PRODUCTS_DIR; };
		7885DEB229746DF000B6BEF9 /* AppDelegate.swift */ = {isa = PBXFileReference; lastKnownFileType = sourcecode.swift; path = AppDelegate.swift; sourceTree = "<group>"; };
		7885DEB429746DF000B6BEF9 /* SceneDelegate.swift */ = {isa = PBXFileReference; lastKnownFileType = sourcecode.swift; path = SceneDelegate.swift; sourceTree = "<group>"; };
		7885DEB629746DF000B6BEF9 /* ViewController.swift */ = {isa = PBXFileReference; lastKnownFileType = sourcecode.swift; path = ViewController.swift; sourceTree = "<group>"; };
		7885DEB929746DF000B6BEF9 /* Base */ = {isa = PBXFileReference; lastKnownFileType = file.storyboard; name = Base; path = Base.lproj/Main.storyboard; sourceTree = "<group>"; };
		7885DEBB29746DF000B6BEF9 /* Assets.xcassets */ = {isa = PBXFileReference; lastKnownFileType = folder.assetcatalog; path = Assets.xcassets; sourceTree = "<group>"; };
		7885DEBE29746DF000B6BEF9 /* Base */ = {isa = PBXFileReference; lastKnownFileType = file.storyboard; name = Base; path = Base.lproj/LaunchScreen.storyboard; sourceTree = "<group>"; };
		7885DEC029746DF000B6BEF9 /* Info.plist */ = {isa = PBXFileReference; lastKnownFileType = text.plist.xml; path = Info.plist; sourceTree = "<group>"; };
		78F67F5B298EBFFF005F2906 /* AddExpenseViewControlller.swift */ = {isa = PBXFileReference; fileEncoding = 4; lastKnownFileType = sourcecode.swift; path = AddExpenseViewControlller.swift; sourceTree = "<group>"; };
		78F67F5D298EC03A005F2906 /* categoryList.swift */ = {isa = PBXFileReference; fileEncoding = 4; lastKnownFileType = sourcecode.swift; path = categoryList.swift; sourceTree = "<group>"; };
		D3416F7D297BDBE631318EA2 /* Pods-iBudget.debug.xcconfig */ = {isa = PBXFileReference; includeInIndex = 1; lastKnownFileType = text.xcconfig; name = "Pods-iBudget.debug.xcconfig"; path = "Target Support Files/Pods-iBudget/Pods-iBudget.debug.xcconfig"; sourceTree = "<group>"; };
/* End PBXFileReference section */

/* Begin PBXFrameworksBuildPhase section */
		7885DEAC29746DF000B6BEF9 /* Frameworks */ = {
			isa = PBXFrameworksBuildPhase;
			buildActionMask = 2147483647;
			files = (
				6EC8107CDC617F0E48C51611 /* Pods_iBudget.framework in Frameworks */,
			);
			runOnlyForDeploymentPostprocessing = 0;
		};
/* End PBXFrameworksBuildPhase section */

/* Begin PBXGroup section */
		1C4E91FC2985FFB300085EDC /* CoreData */ = {
			isa = PBXGroup;
			children = (
				1C4E91FD2985FFD200085EDC /* CoreDataStack.swift */,
			);
			path = CoreData;
			sourceTree = "<group>";
		};
		7885DEA629746DEF00B6BEF9 = {
			isa = PBXGroup;
			children = (
				7885DEB129746DF000B6BEF9 /* iBudget */,
				7885DEB029746DF000B6BEF9 /* Products */,
				E4308D8331E416236176740F /* Pods */,
				D87CFC63696A6FDED3CBB8B1 /* Frameworks */,
			);
			sourceTree = "<group>";
		};
		7885DEB029746DF000B6BEF9 /* Products */ = {
			isa = PBXGroup;
			children = (
				7885DEAF29746DF000B6BEF9 /* iBudget.app */,
			);
			name = Products;
			sourceTree = "<group>";
		};
		7885DEB129746DF000B6BEF9 /* iBudget */ = {
			isa = PBXGroup;
			children = (
				1C4E91FC2985FFB300085EDC /* CoreData */,
				7885DEB229746DF000B6BEF9 /* AppDelegate.swift */,
				3AFF5A1C298B01BA006D2B7A /* AddCategoryViewController.swift */,
				78F67F5B298EBFFF005F2906 /* AddExpenseViewControlller.swift */,
				30F4E40F29890588007A2158 /* CategoryViewController.swift */,
				30F4E40D29890555007A2158 /* ExpenseViewController.swift */,
				7885DEB429746DF000B6BEF9 /* SceneDelegate.swift */,
				1C4E921D298C98D900085EDC /* CustomTabBarController.swift */,
				30258ED0297BB7A200C8C50F /* DashboardController.swift */,
				78F67F5D298EC03A005F2906 /* categoryList.swift */,
				30F4E4112989059F007A2158 /* SettingViewController.swift */,
				7885DEB629746DF000B6BEF9 /* ViewController.swift */,
				7885DEB829746DF000B6BEF9 /* Main.storyboard */,
				7885DEBB29746DF000B6BEF9 /* Assets.xcassets */,
				7885DEBD29746DF000B6BEF9 /* LaunchScreen.storyboard */,
				7885DEC029746DF000B6BEF9 /* Info.plist */,
				1C4E91F92985FEEB00085EDC /* IBudgetModel.xcdatamodeld */,
				1C4E91FF2986126D00085EDC /* UIExtensions.swift */,
				30D05B2B2989EB510016308C /* DashboardCell.swift */,
			);
			path = iBudget;
			sourceTree = "<group>";
		};
		D87CFC63696A6FDED3CBB8B1 /* Frameworks */ = {
			isa = PBXGroup;
			children = (
				007DBCBD438EC8CFF9A53D7C /* Pods_iBudget.framework */,
			);
			name = Frameworks;
			sourceTree = "<group>";
		};
		E4308D8331E416236176740F /* Pods */ = {
			isa = PBXGroup;
			children = (
				D3416F7D297BDBE631318EA2 /* Pods-iBudget.debug.xcconfig */,
				36358F3C8AC1F8259E506DE4 /* Pods-iBudget.release.xcconfig */,
			);
			path = Pods;
			sourceTree = "<group>";
		};
/* End PBXGroup section */

/* Begin PBXNativeTarget section */
		7885DEAE29746DF000B6BEF9 /* iBudget */ = {
			isa = PBXNativeTarget;
			buildConfigurationList = 7885DEC329746DF000B6BEF9 /* Build configuration list for PBXNativeTarget "iBudget" */;
			buildPhases = (
				DD658A5DA18470E937D8407D /* [CP] Check Pods Manifest.lock */,
				7885DEAB29746DF000B6BEF9 /* Sources */,
				7885DEAC29746DF000B6BEF9 /* Frameworks */,
				7885DEAD29746DF000B6BEF9 /* Resources */,
				CA83794DD598E5DC4064BCDA /* [CP] Embed Pods Frameworks */,
			);
			buildRules = (
			);
			dependencies = (
			);
			name = iBudget;
			productName = iBudget;
			productReference = 7885DEAF29746DF000B6BEF9 /* iBudget.app */;
			productType = "com.apple.product-type.application";
		};
/* End PBXNativeTarget section */

/* Begin PBXProject section */
		7885DEA729746DEF00B6BEF9 /* Project object */ = {
			isa = PBXProject;
			attributes = {
				BuildIndependentTargetsInParallel = 1;
				LastSwiftUpdateCheck = 1420;
				LastUpgradeCheck = 1420;
				TargetAttributes = {
					7885DEAE29746DF000B6BEF9 = {
						CreatedOnToolsVersion = 14.2;
					};
				};
			};
			buildConfigurationList = 7885DEAA29746DEF00B6BEF9 /* Build configuration list for PBXProject "iBudget" */;
			compatibilityVersion = "Xcode 14.0";
			developmentRegion = en;
			hasScannedForEncodings = 0;
			knownRegions = (
				en,
				Base,
			);
			mainGroup = 7885DEA629746DEF00B6BEF9;
			productRefGroup = 7885DEB029746DF000B6BEF9 /* Products */;
			projectDirPath = "";
			projectRoot = "";
			targets = (
				7885DEAE29746DF000B6BEF9 /* iBudget */,
			);
		};
/* End PBXProject section */

/* Begin PBXResourcesBuildPhase section */
		7885DEAD29746DF000B6BEF9 /* Resources */ = {
			isa = PBXResourcesBuildPhase;
			buildActionMask = 2147483647;
			files = (
				7885DEBF29746DF000B6BEF9 /* LaunchScreen.storyboard in Resources */,
				7885DEBC29746DF000B6BEF9 /* Assets.xcassets in Resources */,
				7885DEBA29746DF000B6BEF9 /* Main.storyboard in Resources */,
			);
			runOnlyForDeploymentPostprocessing = 0;
		};
/* End PBXResourcesBuildPhase section */

/* Begin PBXShellScriptBuildPhase section */
		CA83794DD598E5DC4064BCDA /* [CP] Embed Pods Frameworks */ = {
			isa = PBXShellScriptBuildPhase;
			buildActionMask = 2147483647;
			files = (
			);
			inputFileListPaths = (
				"${PODS_ROOT}/Target Support Files/Pods-iBudget/Pods-iBudget-frameworks-${CONFIGURATION}-input-files.xcfilelist",
			);
			name = "[CP] Embed Pods Frameworks";
			outputFileListPaths = (
				"${PODS_ROOT}/Target Support Files/Pods-iBudget/Pods-iBudget-frameworks-${CONFIGURATION}-output-files.xcfilelist",
			);
			runOnlyForDeploymentPostprocessing = 0;
			shellPath = /bin/sh;
			shellScript = "\"${PODS_ROOT}/Target Support Files/Pods-iBudget/Pods-iBudget-frameworks.sh\"\n";
			showEnvVarsInLog = 0;
		};
		DD658A5DA18470E937D8407D /* [CP] Check Pods Manifest.lock */ = {
			isa = PBXShellScriptBuildPhase;
			buildActionMask = 2147483647;
			files = (
			);
			inputFileListPaths = (
			);
			inputPaths = (
				"${PODS_PODFILE_DIR_PATH}/Podfile.lock",
				"${PODS_ROOT}/Manifest.lock",
			);
			name = "[CP] Check Pods Manifest.lock";
			outputFileListPaths = (
			);
			outputPaths = (
				"$(DERIVED_FILE_DIR)/Pods-iBudget-checkManifestLockResult.txt",
			);
			runOnlyForDeploymentPostprocessing = 0;
			shellPath = /bin/sh;
			shellScript = "diff \"${PODS_PODFILE_DIR_PATH}/Podfile.lock\" \"${PODS_ROOT}/Manifest.lock\" > /dev/null\nif [ $? != 0 ] ; then\n    # print error to STDERR\n    echo \"error: The sandbox is not in sync with the Podfile.lock. Run 'pod install' or update your CocoaPods installation.\" >&2\n    exit 1\nfi\n# This output is used by Xcode 'outputs' to avoid re-running this script phase.\necho \"SUCCESS\" > \"${SCRIPT_OUTPUT_FILE_0}\"\n";
			showEnvVarsInLog = 0;
		};
/* End PBXShellScriptBuildPhase section */

/* Begin PBXSourcesBuildPhase section */
		7885DEAB29746DF000B6BEF9 /* Sources */ = {
			isa = PBXSourcesBuildPhase;
			buildActionMask = 2147483647;
			files = (
				30258ED1297BB7A200C8C50F /* DashboardController.swift in Sources */,
				7885DEB729746DF000B6BEF9 /* ViewController.swift in Sources */,
				78F67F5E298EC03A005F2906 /* categoryList.swift in Sources */,
				78F67F5C298EBFFF005F2906 /* AddExpenseViewControlller.swift in Sources */,
				1C4E92002986126D00085EDC /* UIExtensions.swift in Sources */,
				1C4E91FB2985FEEB00085EDC /* IBudgetModel.xcdatamodeld in Sources */,
				7885DEB329746DF000B6BEF9 /* AppDelegate.swift in Sources */,
				30F4E4122989059F007A2158 /* SettingViewController.swift in Sources */,
				30F4E40E29890555007A2158 /* ExpenseViewController.swift in Sources */,
				7885DEB529746DF000B6BEF9 /* SceneDelegate.swift in Sources */,
				3AFF5A1D298B01BA006D2B7A /* AddCategoryViewController.swift in Sources */,
				30D05B2C2989EB510016308C /* DashboardCell.swift in Sources */,
				1C4E921E298C98D900085EDC /* CustomTabBarController.swift in Sources */,
				30F4E41029890588007A2158 /* CategoryViewController.swift in Sources */,
				1C4E91FE2985FFD200085EDC /* CoreDataStack.swift in Sources */,
			);
			runOnlyForDeploymentPostprocessing = 0;
		};
/* End PBXSourcesBuildPhase section */

/* Begin PBXVariantGroup section */
		7885DEB829746DF000B6BEF9 /* Main.storyboard */ = {
			isa = PBXVariantGroup;
			children = (
				7885DEB929746DF000B6BEF9 /* Base */,
			);
			name = Main.storyboard;
			sourceTree = "<group>";
		};
		7885DEBD29746DF000B6BEF9 /* LaunchScreen.storyboard */ = {
			isa = PBXVariantGroup;
			children = (
				7885DEBE29746DF000B6BEF9 /* Base */,
			);
			name = LaunchScreen.storyboard;
			sourceTree = "<group>";
		};
/* End PBXVariantGroup section */

/* Begin XCBuildConfiguration section */
		7885DEC129746DF000B6BEF9 /* Debug */ = {
			isa = XCBuildConfiguration;
			buildSettings = {
				ALWAYS_SEARCH_USER_PATHS = NO;
				CLANG_ANALYZER_NONNULL = YES;
				CLANG_ANALYZER_NUMBER_OBJECT_CONVERSION = YES_AGGRESSIVE;
				CLANG_CXX_LANGUAGE_STANDARD = "gnu++20";
				CLANG_ENABLE_MODULES = YES;
				CLANG_ENABLE_OBJC_ARC = YES;
				CLANG_ENABLE_OBJC_WEAK = YES;
				CLANG_WARN_BLOCK_CAPTURE_AUTORELEASING = YES;
				CLANG_WARN_BOOL_CONVERSION = YES;
				CLANG_WARN_COMMA = YES;
				CLANG_WARN_CONSTANT_CONVERSION = YES;
				CLANG_WARN_DEPRECATED_OBJC_IMPLEMENTATIONS = YES;
				CLANG_WARN_DIRECT_OBJC_ISA_USAGE = YES_ERROR;
				CLANG_WARN_DOCUMENTATION_COMMENTS = YES;
				CLANG_WARN_EMPTY_BODY = YES;
				CLANG_WARN_ENUM_CONVERSION = YES;
				CLANG_WARN_INFINITE_RECURSION = YES;
				CLANG_WARN_INT_CONVERSION = YES;
				CLANG_WARN_NON_LITERAL_NULL_CONVERSION = YES;
				CLANG_WARN_OBJC_IMPLICIT_RETAIN_SELF = YES;
				CLANG_WARN_OBJC_LITERAL_CONVERSION = YES;
				CLANG_WARN_OBJC_ROOT_CLASS = YES_ERROR;
				CLANG_WARN_QUOTED_INCLUDE_IN_FRAMEWORK_HEADER = YES;
				CLANG_WARN_RANGE_LOOP_ANALYSIS = YES;
				CLANG_WARN_STRICT_PROTOTYPES = YES;
				CLANG_WARN_SUSPICIOUS_MOVE = YES;
				CLANG_WARN_UNGUARDED_AVAILABILITY = YES_AGGRESSIVE;
				CLANG_WARN_UNREACHABLE_CODE = YES;
				CLANG_WARN__DUPLICATE_METHOD_MATCH = YES;
				COPY_PHASE_STRIP = NO;
				DEBUG_INFORMATION_FORMAT = dwarf;
				ENABLE_STRICT_OBJC_MSGSEND = YES;
				ENABLE_TESTABILITY = YES;
				GCC_C_LANGUAGE_STANDARD = gnu11;
				GCC_DYNAMIC_NO_PIC = NO;
				GCC_NO_COMMON_BLOCKS = YES;
				GCC_OPTIMIZATION_LEVEL = 0;
				GCC_PREPROCESSOR_DEFINITIONS = (
					"DEBUG=1",
					"$(inherited)",
				);
				GCC_WARN_64_TO_32_BIT_CONVERSION = YES;
				GCC_WARN_ABOUT_RETURN_TYPE = YES_ERROR;
				GCC_WARN_UNDECLARED_SELECTOR = YES;
				GCC_WARN_UNINITIALIZED_AUTOS = YES_AGGRESSIVE;
				GCC_WARN_UNUSED_FUNCTION = YES;
				GCC_WARN_UNUSED_VARIABLE = YES;
				IPHONEOS_DEPLOYMENT_TARGET = 16.2;
				MTL_ENABLE_DEBUG_INFO = INCLUDE_SOURCE;
				MTL_FAST_MATH = YES;
				ONLY_ACTIVE_ARCH = YES;
				SDKROOT = iphoneos;
				SWIFT_ACTIVE_COMPILATION_CONDITIONS = DEBUG;
				SWIFT_OPTIMIZATION_LEVEL = "-Onone";
			};
			name = Debug;
		};
		7885DEC229746DF000B6BEF9 /* Release */ = {
			isa = XCBuildConfiguration;
			buildSettings = {
				ALWAYS_SEARCH_USER_PATHS = NO;
				CLANG_ANALYZER_NONNULL = YES;
				CLANG_ANALYZER_NUMBER_OBJECT_CONVERSION = YES_AGGRESSIVE;
				CLANG_CXX_LANGUAGE_STANDARD = "gnu++20";
				CLANG_ENABLE_MODULES = YES;
				CLANG_ENABLE_OBJC_ARC = YES;
				CLANG_ENABLE_OBJC_WEAK = YES;
				CLANG_WARN_BLOCK_CAPTURE_AUTORELEASING = YES;
				CLANG_WARN_BOOL_CONVERSION = YES;
				CLANG_WARN_COMMA = YES;
				CLANG_WARN_CONSTANT_CONVERSION = YES;
				CLANG_WARN_DEPRECATED_OBJC_IMPLEMENTATIONS = YES;
				CLANG_WARN_DIRECT_OBJC_ISA_USAGE = YES_ERROR;
				CLANG_WARN_DOCUMENTATION_COMMENTS = YES;
				CLANG_WARN_EMPTY_BODY = YES;
				CLANG_WARN_ENUM_CONVERSION = YES;
				CLANG_WARN_INFINITE_RECURSION = YES;
				CLANG_WARN_INT_CONVERSION = YES;
				CLANG_WARN_NON_LITERAL_NULL_CONVERSION = YES;
				CLANG_WARN_OBJC_IMPLICIT_RETAIN_SELF = YES;
				CLANG_WARN_OBJC_LITERAL_CONVERSION = YES;
				CLANG_WARN_OBJC_ROOT_CLASS = YES_ERROR;
				CLANG_WARN_QUOTED_INCLUDE_IN_FRAMEWORK_HEADER = YES;
				CLANG_WARN_RANGE_LOOP_ANALYSIS = YES;
				CLANG_WARN_STRICT_PROTOTYPES = YES;
				CLANG_WARN_SUSPICIOUS_MOVE = YES;
				CLANG_WARN_UNGUARDED_AVAILABILITY = YES_AGGRESSIVE;
				CLANG_WARN_UNREACHABLE_CODE = YES;
				CLANG_WARN__DUPLICATE_METHOD_MATCH = YES;
				COPY_PHASE_STRIP = NO;
				DEBUG_INFORMATION_FORMAT = "dwarf-with-dsym";
				ENABLE_NS_ASSERTIONS = NO;
				ENABLE_STRICT_OBJC_MSGSEND = YES;
				GCC_C_LANGUAGE_STANDARD = gnu11;
				GCC_NO_COMMON_BLOCKS = YES;
				GCC_WARN_64_TO_32_BIT_CONVERSION = YES;
				GCC_WARN_ABOUT_RETURN_TYPE = YES_ERROR;
				GCC_WARN_UNDECLARED_SELECTOR = YES;
				GCC_WARN_UNINITIALIZED_AUTOS = YES_AGGRESSIVE;
				GCC_WARN_UNUSED_FUNCTION = YES;
				GCC_WARN_UNUSED_VARIABLE = YES;
				IPHONEOS_DEPLOYMENT_TARGET = 16.2;
				MTL_ENABLE_DEBUG_INFO = NO;
				MTL_FAST_MATH = YES;
				SDKROOT = iphoneos;
				SWIFT_COMPILATION_MODE = wholemodule;
				SWIFT_OPTIMIZATION_LEVEL = "-O";
				VALIDATE_PRODUCT = YES;
			};
			name = Release;
		};
		7885DEC429746DF000B6BEF9 /* Debug */ = {
			isa = XCBuildConfiguration;
			baseConfigurationReference = D3416F7D297BDBE631318EA2 /* Pods-iBudget.debug.xcconfig */;
			buildSettings = {
				ASSETCATALOG_COMPILER_APPICON_NAME = AppIcon;
				ASSETCATALOG_COMPILER_GLOBAL_ACCENT_COLOR_NAME = AccentColor;
				CODE_SIGN_IDENTITY = "Apple Development";
				CODE_SIGN_STYLE = Automatic;
				CURRENT_PROJECT_VERSION = 1;
				DEVELOPMENT_TEAM = 9ETV3K5KPJ;
				GENERATE_INFOPLIST_FILE = YES;
				INFOPLIST_FILE = iBudget/Info.plist;
				INFOPLIST_KEY_LSApplicationCategoryType = "public.app-category.finance";
				INFOPLIST_KEY_UIApplicationSupportsIndirectInputEvents = YES;
				INFOPLIST_KEY_UILaunchStoryboardName = LaunchScreen;
				INFOPLIST_KEY_UIMainStoryboardFile = Main;
				INFOPLIST_KEY_UISupportedInterfaceOrientations = UIInterfaceOrientationPortrait;
				INFOPLIST_KEY_UISupportedInterfaceOrientations_iPad = "UIInterfaceOrientationLandscapeLeft UIInterfaceOrientationLandscapeRight UIInterfaceOrientationPortrait UIInterfaceOrientationPortraitUpsideDown";
				LD_RUNPATH_SEARCH_PATHS = (
					"$(inherited)",
					"@executable_path/Frameworks",
				);
				MARKETING_VERSION = 1.0;
				PRODUCT_BUNDLE_IDENTIFIER = com.group8.iBudget;
				PRODUCT_NAME = "$(TARGET_NAME)";
				PROVISIONING_PROFILE_SPECIFIER = "";
				SWIFT_EMIT_LOC_STRINGS = YES;
				SWIFT_VERSION = 5.0;
				TARGETED_DEVICE_FAMILY = "1,2";
			};
			name = Debug;
		};
		7885DEC529746DF000B6BEF9 /* Release */ = {
			isa = XCBuildConfiguration;
			baseConfigurationReference = 36358F3C8AC1F8259E506DE4 /* Pods-iBudget.release.xcconfig */;
			buildSettings = {
				ASSETCATALOG_COMPILER_APPICON_NAME = AppIcon;
				ASSETCATALOG_COMPILER_GLOBAL_ACCENT_COLOR_NAME = AccentColor;
				CODE_SIGN_IDENTITY = "Apple Development";
				CODE_SIGN_STYLE = Automatic;
				CURRENT_PROJECT_VERSION = 1;
				DEVELOPMENT_TEAM = 9ETV3K5KPJ;
				GENERATE_INFOPLIST_FILE = YES;
				INFOPLIST_FILE = iBudget/Info.plist;
				INFOPLIST_KEY_LSApplicationCategoryType = "public.app-category.finance";
				INFOPLIST_KEY_UIApplicationSupportsIndirectInputEvents = YES;
				INFOPLIST_KEY_UILaunchStoryboardName = LaunchScreen;
				INFOPLIST_KEY_UIMainStoryboardFile = Main;
				INFOPLIST_KEY_UISupportedInterfaceOrientations = UIInterfaceOrientationPortrait;
				INFOPLIST_KEY_UISupportedInterfaceOrientations_iPad = "UIInterfaceOrientationLandscapeLeft UIInterfaceOrientationLandscapeRight UIInterfaceOrientationPortrait UIInterfaceOrientationPortraitUpsideDown";
				LD_RUNPATH_SEARCH_PATHS = (
					"$(inherited)",
					"@executable_path/Frameworks",
				);
				MARKETING_VERSION = 1.0;
				PRODUCT_BUNDLE_IDENTIFIER = com.group8.iBudget;
				PRODUCT_NAME = "$(TARGET_NAME)";
				PROVISIONING_PROFILE_SPECIFIER = "";
				SWIFT_EMIT_LOC_STRINGS = YES;
				SWIFT_VERSION = 5.0;
				TARGETED_DEVICE_FAMILY = "1,2";
			};
			name = Release;
		};
/* End XCBuildConfiguration section */

/* Begin XCConfigurationList section */
		7885DEAA29746DEF00B6BEF9 /* Build configuration list for PBXProject "iBudget" */ = {
			isa = XCConfigurationList;
			buildConfigurations = (
				7885DEC129746DF000B6BEF9 /* Debug */,
				7885DEC229746DF000B6BEF9 /* Release */,
			);
			defaultConfigurationIsVisible = 0;
			defaultConfigurationName = Release;
		};
		7885DEC329746DF000B6BEF9 /* Build configuration list for PBXNativeTarget "iBudget" */ = {
			isa = XCConfigurationList;
			buildConfigurations = (
				7885DEC429746DF000B6BEF9 /* Debug */,
				7885DEC529746DF000B6BEF9 /* Release */,
			);
			defaultConfigurationIsVisible = 0;
			defaultConfigurationName = Release;
		};
/* End XCConfigurationList section */

/* Begin XCVersionGroup section */
		1C4E91F92985FEEB00085EDC /* IBudgetModel.xcdatamodeld */ = {
			isa = XCVersionGroup;
			children = (
				1C4E91FA2985FEEB00085EDC /* Model.xcdatamodel */,
			);
			currentVersion = 1C4E91FA2985FEEB00085EDC /* Model.xcdatamodel */;
			path = IBudgetModel.xcdatamodeld;
			sourceTree = "<group>";
			versionGroupType = wrapper.xcdatamodel;
		};
/* End XCVersionGroup section */
	};
	rootObject = 7885DEA729746DEF00B6BEF9 /* Project object */;
}
